// !$*UTF8*$!
{
	archiveVersion = 1;
	classes = {
	};
	objectVersion = 77;
	objects = {

/* Begin PBXFileReference section */
<<<<<<< HEAD
		06E7CCA02FBAEA6C003AF209 /* audioWaveRecorder.app */ = {isa = PBXFileReference; explicitFileType = wrapper.application; includeInIndex = 0; path = audioWaveRecorder.app; sourceTree = BUILT_PRODUCTS_DIR; };
/* End PBXFileReference section */

/* Begin PBXFileSystemSynchronizedRootGroup section */
		06E7CCA22FBAEA6C003AF209 /* audioWaveRecorder */ = {
=======
		0617B75D2FBD871D0006F290 /* audioWaveRecorder.app */ = {isa = PBXFileReference; explicitFileType = wrapper.application; includeInIndex = 0; path = audioWaveRecorder.app; sourceTree = BUILT_PRODUCTS_DIR; };
/* End PBXFileReference section */

/* Begin PBXFileSystemSynchronizedRootGroup section */
		0617B75F2FBD871D0006F290 /* audioWaveRecorder */ = {
>>>>>>> main
			isa = PBXFileSystemSynchronizedRootGroup;
			path = audioWaveRecorder;
			sourceTree = "<group>";
		};
/* End PBXFileSystemSynchronizedRootGroup section */

/* Begin PBXFrameworksBuildPhase section */
<<<<<<< HEAD
		06E7CC9D2FBAEA6C003AF209 /* Frameworks */ = {
=======
		0617B75A2FBD871D0006F290 /* Frameworks */ = {
>>>>>>> main
			isa = PBXFrameworksBuildPhase;
			buildActionMask = 2147483647;
			files = (
			);
			runOnlyForDeploymentPostprocessing = 0;
		};
/* End PBXFrameworksBuildPhase section */

/* Begin PBXGroup section */
<<<<<<< HEAD
		06E7CC972FBAEA6C003AF209 = {
			isa = PBXGroup;
			children = (
				06E7CCA22FBAEA6C003AF209 /* audioWaveRecorder */,
				06E7CCA12FBAEA6C003AF209 /* Products */,
			);
			sourceTree = "<group>";
		};
		06E7CCA12FBAEA6C003AF209 /* Products */ = {
			isa = PBXGroup;
			children = (
				06E7CCA02FBAEA6C003AF209 /* audioWaveRecorder.app */,
=======
		0617B7542FBD871D0006F290 = {
			isa = PBXGroup;
			children = (
				0617B75F2FBD871D0006F290 /* audioWaveRecorder */,
				0617B75E2FBD871D0006F290 /* Products */,
			);
			sourceTree = "<group>";
		};
		0617B75E2FBD871D0006F290 /* Products */ = {
			isa = PBXGroup;
			children = (
				0617B75D2FBD871D0006F290 /* audioWaveRecorder.app */,
>>>>>>> main
			);
			name = Products;
			sourceTree = "<group>";
		};
/* End PBXGroup section */

/* Begin PBXNativeTarget section */
<<<<<<< HEAD
		06E7CC9F2FBAEA6C003AF209 /* audioWaveRecorder */ = {
			isa = PBXNativeTarget;
			buildConfigurationList = 06E7CCAE2FBAEA6F003AF209 /* Build configuration list for PBXNativeTarget "audioWaveRecorder" */;
			buildPhases = (
				06E7CC9C2FBAEA6C003AF209 /* Sources */,
				06E7CC9D2FBAEA6C003AF209 /* Frameworks */,
				06E7CC9E2FBAEA6C003AF209 /* Resources */,
=======
		0617B75C2FBD871D0006F290 /* audioWaveRecorder */ = {
			isa = PBXNativeTarget;
			buildConfigurationList = 0617B76B2FBD871F0006F290 /* Build configuration list for PBXNativeTarget "audioWaveRecorder" */;
			buildPhases = (
				0617B7592FBD871D0006F290 /* Sources */,
				0617B75A2FBD871D0006F290 /* Frameworks */,
				0617B75B2FBD871D0006F290 /* Resources */,
>>>>>>> main
			);
			buildRules = (
			);
			dependencies = (
			);
			fileSystemSynchronizedGroups = (
<<<<<<< HEAD
				06E7CCA22FBAEA6C003AF209 /* audioWaveRecorder */,
=======
				0617B75F2FBD871D0006F290 /* audioWaveRecorder */,
>>>>>>> main
			);
			name = audioWaveRecorder;
			packageProductDependencies = (
			);
			productName = audioWaveRecorder;
<<<<<<< HEAD
			productReference = 06E7CCA02FBAEA6C003AF209 /* audioWaveRecorder.app */;
=======
			productReference = 0617B75D2FBD871D0006F290 /* audioWaveRecorder.app */;
>>>>>>> main
			productType = "com.apple.product-type.application";
		};
/* End PBXNativeTarget section */

/* Begin PBXProject section */
<<<<<<< HEAD
		06E7CC982FBAEA6C003AF209 /* Project object */ = {
=======
		0617B7552FBD871D0006F290 /* Project object */ = {
>>>>>>> main
			isa = PBXProject;
			attributes = {
				BuildIndependentTargetsInParallel = 1;
				LastSwiftUpdateCheck = 1610;
				LastUpgradeCheck = 1610;
				TargetAttributes = {
<<<<<<< HEAD
					06E7CC9F2FBAEA6C003AF209 = {
=======
					0617B75C2FBD871D0006F290 = {
>>>>>>> main
						CreatedOnToolsVersion = 16.1;
					};
				};
			};
<<<<<<< HEAD
			buildConfigurationList = 06E7CC9B2FBAEA6C003AF209 /* Build configuration list for PBXProject "audioWaveRecorder" */;
=======
			buildConfigurationList = 0617B7582FBD871D0006F290 /* Build configuration list for PBXProject "audioWaveRecorder" */;
>>>>>>> main
			developmentRegion = en;
			hasScannedForEncodings = 0;
			knownRegions = (
				en,
				Base,
			);
<<<<<<< HEAD
			mainGroup = 06E7CC972FBAEA6C003AF209;
			minimizedProjectReferenceProxies = 1;
			preferredProjectObjectVersion = 77;
			productRefGroup = 06E7CCA12FBAEA6C003AF209 /* Products */;
			projectDirPath = "";
			projectRoot = "";
			targets = (
				06E7CC9F2FBAEA6C003AF209 /* audioWaveRecorder */,
=======
			mainGroup = 0617B7542FBD871D0006F290;
			minimizedProjectReferenceProxies = 1;
			preferredProjectObjectVersion = 77;
			productRefGroup = 0617B75E2FBD871D0006F290 /* Products */;
			projectDirPath = "";
			projectRoot = "";
			targets = (
				0617B75C2FBD871D0006F290 /* audioWaveRecorder */,
>>>>>>> main
			);
		};
/* End PBXProject section */

/* Begin PBXResourcesBuildPhase section */
<<<<<<< HEAD
		06E7CC9E2FBAEA6C003AF209 /* Resources */ = {
=======
		0617B75B2FBD871D0006F290 /* Resources */ = {
>>>>>>> main
			isa = PBXResourcesBuildPhase;
			buildActionMask = 2147483647;
			files = (
			);
			runOnlyForDeploymentPostprocessing = 0;
		};
/* End PBXResourcesBuildPhase section */

/* Begin PBXSourcesBuildPhase section */
<<<<<<< HEAD
		06E7CC9C2FBAEA6C003AF209 /* Sources */ = {
=======
		0617B7592FBD871D0006F290 /* Sources */ = {
>>>>>>> main
			isa = PBXSourcesBuildPhase;
			buildActionMask = 2147483647;
			files = (
			);
			runOnlyForDeploymentPostprocessing = 0;
		};
/* End PBXSourcesBuildPhase section */

/* Begin XCBuildConfiguration section */
<<<<<<< HEAD
		06E7CCAC2FBAEA6F003AF209 /* Debug */ = {
=======
		0617B7692FBD871F0006F290 /* Debug */ = {
>>>>>>> main
			isa = XCBuildConfiguration;
			buildSettings = {
				ALWAYS_SEARCH_USER_PATHS = NO;
				ASSETCATALOG_COMPILER_GENERATE_SWIFT_ASSET_SYMBOL_EXTENSIONS = YES;
				CLANG_ANALYZER_NONNULL = YES;
				CLANG_ANALYZER_NUMBER_OBJECT_CONVERSION = YES_AGGRESSIVE;
				CLANG_CXX_LANGUAGE_STANDARD = "gnu++20";
				CLANG_ENABLE_MODULES = YES;
				CLANG_ENABLE_OBJC_ARC = YES;
				CLANG_ENABLE_OBJC_WEAK = YES;
				CLANG_WARN_BLOCK_CAPTURE_AUTORELEASING = YES;
				CLANG_WARN_BOOL_CONVERSION = YES;
				CLANG_WARN_COMMA = YES;
				CLANG_WARN_CONSTANT_CONVERSION = YES;
				CLANG_WARN_DEPRECATED_OBJC_IMPLEMENTATIONS = YES;
				CLANG_WARN_DIRECT_OBJC_ISA_USAGE = YES_ERROR;
				CLANG_WARN_DOCUMENTATION_COMMENTS = YES;
				CLANG_WARN_EMPTY_BODY = YES;
				CLANG_WARN_ENUM_CONVERSION = YES;
				CLANG_WARN_INFINITE_RECURSION = YES;
				CLANG_WARN_INT_CONVERSION = YES;
				CLANG_WARN_NON_LITERAL_NULL_CONVERSION = YES;
				CLANG_WARN_OBJC_IMPLICIT_RETAIN_SELF = YES;
				CLANG_WARN_OBJC_LITERAL_CONVERSION = YES;
				CLANG_WARN_OBJC_ROOT_CLASS = YES_ERROR;
				CLANG_WARN_QUOTED_INCLUDE_IN_FRAMEWORK_HEADER = YES;
				CLANG_WARN_RANGE_LOOP_ANALYSIS = YES;
				CLANG_WARN_STRICT_PROTOTYPES = YES;
				CLANG_WARN_SUSPICIOUS_MOVE = YES;
				CLANG_WARN_UNGUARDED_AVAILABILITY = YES_AGGRESSIVE;
				CLANG_WARN_UNREACHABLE_CODE = YES;
				CLANG_WARN__DUPLICATE_METHOD_MATCH = YES;
				COPY_PHASE_STRIP = NO;
				DEBUG_INFORMATION_FORMAT = dwarf;
				ENABLE_STRICT_OBJC_MSGSEND = YES;
				ENABLE_TESTABILITY = YES;
				ENABLE_USER_SCRIPT_SANDBOXING = YES;
				GCC_C_LANGUAGE_STANDARD = gnu17;
				GCC_DYNAMIC_NO_PIC = NO;
				GCC_NO_COMMON_BLOCKS = YES;
				GCC_OPTIMIZATION_LEVEL = 0;
				GCC_PREPROCESSOR_DEFINITIONS = (
					"DEBUG=1",
					"$(inherited)",
				);
				GCC_WARN_64_TO_32_BIT_CONVERSION = YES;
				GCC_WARN_ABOUT_RETURN_TYPE = YES_ERROR;
				GCC_WARN_UNDECLARED_SELECTOR = YES;
				GCC_WARN_UNINITIALIZED_AUTOS = YES_AGGRESSIVE;
				GCC_WARN_UNUSED_FUNCTION = YES;
				GCC_WARN_UNUSED_VARIABLE = YES;
				IPHONEOS_DEPLOYMENT_TARGET = 18.1;
				LOCALIZATION_PREFERS_STRING_CATALOGS = YES;
				MTL_ENABLE_DEBUG_INFO = INCLUDE_SOURCE;
				MTL_FAST_MATH = YES;
				ONLY_ACTIVE_ARCH = YES;
				SDKROOT = iphoneos;
				SWIFT_ACTIVE_COMPILATION_CONDITIONS = "DEBUG $(inherited)";
				SWIFT_OPTIMIZATION_LEVEL = "-Onone";
			};
			name = Debug;
		};
<<<<<<< HEAD
		06E7CCAD2FBAEA6F003AF209 /* Release */ = {
=======
		0617B76A2FBD871F0006F290 /* Release */ = {
>>>>>>> main
			isa = XCBuildConfiguration;
			buildSettings = {
				ALWAYS_SEARCH_USER_PATHS = NO;
				ASSETCATALOG_COMPILER_GENERATE_SWIFT_ASSET_SYMBOL_EXTENSIONS = YES;
				CLANG_ANALYZER_NONNULL = YES;
				CLANG_ANALYZER_NUMBER_OBJECT_CONVERSION = YES_AGGRESSIVE;
				CLANG_CXX_LANGUAGE_STANDARD = "gnu++20";
				CLANG_ENABLE_MODULES = YES;
				CLANG_ENABLE_OBJC_ARC = YES;
				CLANG_ENABLE_OBJC_WEAK = YES;
				CLANG_WARN_BLOCK_CAPTURE_AUTORELEASING = YES;
				CLANG_WARN_BOOL_CONVERSION = YES;
				CLANG_WARN_COMMA = YES;
				CLANG_WARN_CONSTANT_CONVERSION = YES;
				CLANG_WARN_DEPRECATED_OBJC_IMPLEMENTATIONS = YES;
				CLANG_WARN_DIRECT_OBJC_ISA_USAGE = YES_ERROR;
				CLANG_WARN_DOCUMENTATION_COMMENTS = YES;
				CLANG_WARN_EMPTY_BODY = YES;
				CLANG_WARN_ENUM_CONVERSION = YES;
				CLANG_WARN_INFINITE_RECURSION = YES;
				CLANG_WARN_INT_CONVERSION = YES;
				CLANG_WARN_NON_LITERAL_NULL_CONVERSION = YES;
				CLANG_WARN_OBJC_IMPLICIT_RETAIN_SELF = YES;
				CLANG_WARN_OBJC_LITERAL_CONVERSION = YES;
				CLANG_WARN_OBJC_ROOT_CLASS = YES_ERROR;
				CLANG_WARN_QUOTED_INCLUDE_IN_FRAMEWORK_HEADER = YES;
				CLANG_WARN_RANGE_LOOP_ANALYSIS = YES;
				CLANG_WARN_STRICT_PROTOTYPES = YES;
				CLANG_WARN_SUSPICIOUS_MOVE = YES;
				CLANG_WARN_UNGUARDED_AVAILABILITY = YES_AGGRESSIVE;
				CLANG_WARN_UNREACHABLE_CODE = YES;
				CLANG_WARN__DUPLICATE_METHOD_MATCH = YES;
				COPY_PHASE_STRIP = NO;
				DEBUG_INFORMATION_FORMAT = "dwarf-with-dsym";
				ENABLE_NS_ASSERTIONS = NO;
				ENABLE_STRICT_OBJC_MSGSEND = YES;
				ENABLE_USER_SCRIPT_SANDBOXING = YES;
				GCC_C_LANGUAGE_STANDARD = gnu17;
				GCC_NO_COMMON_BLOCKS = YES;
				GCC_WARN_64_TO_32_BIT_CONVERSION = YES;
				GCC_WARN_ABOUT_RETURN_TYPE = YES_ERROR;
				GCC_WARN_UNDECLARED_SELECTOR = YES;
				GCC_WARN_UNINITIALIZED_AUTOS = YES_AGGRESSIVE;
				GCC_WARN_UNUSED_FUNCTION = YES;
				GCC_WARN_UNUSED_VARIABLE = YES;
				IPHONEOS_DEPLOYMENT_TARGET = 18.1;
				LOCALIZATION_PREFERS_STRING_CATALOGS = YES;
				MTL_ENABLE_DEBUG_INFO = NO;
				MTL_FAST_MATH = YES;
				SDKROOT = iphoneos;
				SWIFT_COMPILATION_MODE = wholemodule;
				VALIDATE_PRODUCT = YES;
			};
			name = Release;
		};
<<<<<<< HEAD
		06E7CCAF2FBAEA6F003AF209 /* Debug */ = {
=======
		0617B76C2FBD871F0006F290 /* Debug */ = {
>>>>>>> main
			isa = XCBuildConfiguration;
			buildSettings = {
				ASSETCATALOG_COMPILER_APPICON_NAME = AppIcon;
				ASSETCATALOG_COMPILER_GLOBAL_ACCENT_COLOR_NAME = AccentColor;
				CODE_SIGN_STYLE = Automatic;
				CURRENT_PROJECT_VERSION = 1;
				DEVELOPMENT_ASSET_PATHS = "\"audioWaveRecorder/Preview Content\"";
				DEVELOPMENT_TEAM = SVA967R7QM;
				ENABLE_PREVIEWS = YES;
				GENERATE_INFOPLIST_FILE = YES;
<<<<<<< HEAD
=======
				INFOPLIST_KEY_NSMicrophoneUsageDescription = "Record voice memos and visualize them with a live waveform.";
>>>>>>> main
				INFOPLIST_KEY_UIApplicationSceneManifest_Generation = YES;
				INFOPLIST_KEY_UIApplicationSupportsIndirectInputEvents = YES;
				INFOPLIST_KEY_UILaunchScreen_Generation = YES;
				INFOPLIST_KEY_UISupportedInterfaceOrientations_iPad = "UIInterfaceOrientationPortrait UIInterfaceOrientationPortraitUpsideDown UIInterfaceOrientationLandscapeLeft UIInterfaceOrientationLandscapeRight";
				INFOPLIST_KEY_UISupportedInterfaceOrientations_iPhone = "UIInterfaceOrientationPortrait UIInterfaceOrientationLandscapeLeft UIInterfaceOrientationLandscapeRight";
				LD_RUNPATH_SEARCH_PATHS = (
					"$(inherited)",
					"@executable_path/Frameworks",
				);
				MARKETING_VERSION = 1.0;
				PRODUCT_BUNDLE_IDENTIFIER = sreejesh.audioWaveRecorder;
				PRODUCT_NAME = "$(TARGET_NAME)";
<<<<<<< HEAD
=======
				SUPPORTED_PLATFORMS = "iphoneos iphonesimulator";
				SUPPORTS_MACCATALYST = NO;
				SUPPORTS_MAC_DESIGNED_FOR_IPHONE_IPAD = NO;
				SUPPORTS_XR_DESIGNED_FOR_IPHONE_IPAD = NO;
>>>>>>> main
				SWIFT_EMIT_LOC_STRINGS = YES;
				SWIFT_VERSION = 5.0;
				TARGETED_DEVICE_FAMILY = "1,2";
			};
			name = Debug;
		};
<<<<<<< HEAD
		06E7CCB02FBAEA6F003AF209 /* Release */ = {
=======
		0617B76D2FBD871F0006F290 /* Release */ = {
>>>>>>> main
			isa = XCBuildConfiguration;
			buildSettings = {
				ASSETCATALOG_COMPILER_APPICON_NAME = AppIcon;
				ASSETCATALOG_COMPILER_GLOBAL_ACCENT_COLOR_NAME = AccentColor;
				CODE_SIGN_STYLE = Automatic;
				CURRENT_PROJECT_VERSION = 1;
				DEVELOPMENT_ASSET_PATHS = "\"audioWaveRecorder/Preview Content\"";
				DEVELOPMENT_TEAM = SVA967R7QM;
				ENABLE_PREVIEWS = YES;
				GENERATE_INFOPLIST_FILE = YES;
<<<<<<< HEAD
=======
				INFOPLIST_KEY_NSMicrophoneUsageDescription = "Record voice memos and visualize them with a live waveform.";
>>>>>>> main
				INFOPLIST_KEY_UIApplicationSceneManifest_Generation = YES;
				INFOPLIST_KEY_UIApplicationSupportsIndirectInputEvents = YES;
				INFOPLIST_KEY_UILaunchScreen_Generation = YES;
				INFOPLIST_KEY_UISupportedInterfaceOrientations_iPad = "UIInterfaceOrientationPortrait UIInterfaceOrientationPortraitUpsideDown UIInterfaceOrientationLandscapeLeft UIInterfaceOrientationLandscapeRight";
				INFOPLIST_KEY_UISupportedInterfaceOrientations_iPhone = "UIInterfaceOrientationPortrait UIInterfaceOrientationLandscapeLeft UIInterfaceOrientationLandscapeRight";
				LD_RUNPATH_SEARCH_PATHS = (
					"$(inherited)",
					"@executable_path/Frameworks",
				);
				MARKETING_VERSION = 1.0;
				PRODUCT_BUNDLE_IDENTIFIER = sreejesh.audioWaveRecorder;
				PRODUCT_NAME = "$(TARGET_NAME)";
<<<<<<< HEAD
=======
				SUPPORTED_PLATFORMS = "iphoneos iphonesimulator";
				SUPPORTS_MACCATALYST = NO;
				SUPPORTS_MAC_DESIGNED_FOR_IPHONE_IPAD = NO;
				SUPPORTS_XR_DESIGNED_FOR_IPHONE_IPAD = NO;
>>>>>>> main
				SWIFT_EMIT_LOC_STRINGS = YES;
				SWIFT_VERSION = 5.0;
				TARGETED_DEVICE_FAMILY = "1,2";
			};
			name = Release;
		};
/* End XCBuildConfiguration section */

/* Begin XCConfigurationList section */
<<<<<<< HEAD
		06E7CC9B2FBAEA6C003AF209 /* Build configuration list for PBXProject "audioWaveRecorder" */ = {
			isa = XCConfigurationList;
			buildConfigurations = (
				06E7CCAC2FBAEA6F003AF209 /* Debug */,
				06E7CCAD2FBAEA6F003AF209 /* Release */,
=======
		0617B7582FBD871D0006F290 /* Build configuration list for PBXProject "audioWaveRecorder" */ = {
			isa = XCConfigurationList;
			buildConfigurations = (
				0617B7692FBD871F0006F290 /* Debug */,
				0617B76A2FBD871F0006F290 /* Release */,
>>>>>>> main
			);
			defaultConfigurationIsVisible = 0;
			defaultConfigurationName = Release;
		};
<<<<<<< HEAD
		06E7CCAE2FBAEA6F003AF209 /* Build configuration list for PBXNativeTarget "audioWaveRecorder" */ = {
			isa = XCConfigurationList;
			buildConfigurations = (
				06E7CCAF2FBAEA6F003AF209 /* Debug */,
				06E7CCB02FBAEA6F003AF209 /* Release */,
=======
		0617B76B2FBD871F0006F290 /* Build configuration list for PBXNativeTarget "audioWaveRecorder" */ = {
			isa = XCConfigurationList;
			buildConfigurations = (
				0617B76C2FBD871F0006F290 /* Debug */,
				0617B76D2FBD871F0006F290 /* Release */,
>>>>>>> main
			);
			defaultConfigurationIsVisible = 0;
			defaultConfigurationName = Release;
		};
/* End XCConfigurationList section */
	};
<<<<<<< HEAD
	rootObject = 06E7CC982FBAEA6C003AF209 /* Project object */;
=======
	rootObject = 0617B7552FBD871D0006F290 /* Project object */;
>>>>>>> main
}
